
Microsoft Visual Studio Solution File, Format Version 12.00
# Visual Studio Version 16
VisualStudioVersion = 16.0.29409.12
MinimumVisualStudioVersion = 10.0.40219.1
Project("{FAE04EC0-301F-11D3-BF4B-00C04F79EFBC}") = "FormsChangeSample", "FormsChangeSample\FormsChangeSample.csproj", "{5E7162C0-0324-47E5-8B33-E43B7B2B807B}"
EndProject
Global
	GlobalSection(SolutionConfigurationPlatforms) = preSolution
		Debug|Any CPU = Debug|Any CPU
		Release|Any CPU = Release|Any CPU
	EndGlobalSection
	GlobalSection(ProjectConfigurationPlatforms) = postSolution
		{5E7162C0-0324-47E5-8B33-E43B7B2B807B}.Debug|Any CPU.ActiveCfg = Debug|Any CPU
		{5E7162C0-0324-47E5-8B33-E43B7B2B807B}.Debug|Any CPU.Build.0 = Debug|Any CPU
		{5E7162C0-0324-47E5-8B33-E43B7B2B807B}.Release|Any CPU.ActiveCfg = Release|Any CPU
		{5E7162C0-0324-47E5-8B33-E43B7B2B807B}.Release|Any CPU.Build.0 = Release|Any CPU
	EndGlobalSection
	GlobalSection(SolutionProperties) = preSolution
		HideSolutionNode = FALSE
	EndGlobalSection
	GlobalSection(ExtensibilityGlobals) = postSolution
		SolutionGuid = {B6B592DE-AD89-496A-B78B-2B31F5762F3C}
	EndGlobalSection
EndGlobal
